
Microsoft Visual Studio Solution File, Format Version 12.00
# Visual Studio Version 17
VisualStudioVersion = 17.1.32210.238
MinimumVisualStudioVersion = 10.0.40219.1
Project("{FAE04EC0-301F-11D3-BF4B-00C04F79EFBC}") = "GRPExplorerGUI", "GRPExplorerGUI\GRPExplorerGUI.csproj", "{85B91CCE-BD88-48B2-B997-FF9E7EAC349D}"
EndProject
Project("{FAE04EC0-301F-11D3-BF4B-00C04F79EFBC}") = "GRPExplorerLib", "GRPExplorerLib\GRPExplorerLib.csproj", "{2B40EF25-718F-47DB-9ED5-EFCA5DCAAB96}"
EndProject
Project("{FAE04EC0-301F-11D3-BF4B-00C04F79EFBC}") = "GRPExplorerTests", "GRPExplorerTests\GRPExplorerTests.csproj", "{0D078690-E1CC-4151-81E0-A8B4B8C55ABD}"
EndProject
Project("{9A19103F-16F7-4668-BE54-9A1E7A4F7556}") = "UnityIntegration", "UnityIntegration\UnityIntegration.csproj", "{955C5637-AA26-4DA2-B340-6021DAB5D813}"
EndProject
Project("{9A19103F-16F7-4668-BE54-9A1E7A4F7556}") = "UnityIntegrationEditor", "UnityIntegrationEditor\UnityIntegrationEditor.csproj", "{34E16EEA-8642-4227-A892-635FB595A1FB}"
EndProject
Project("{FAE04EC0-301F-11D3-BF4B-00C04F79EFBC}") = "GRPeditor.Server", "GRPeditor\Server\GRPeditor.Server.csproj", "{AF2AE5E6-0FD7-4925-9795-B4BBAE8C2641}"
EndProject
Project("{FAE04EC0-301F-11D3-BF4B-00C04F79EFBC}") = "GRPeditor.Client", "GRPeditor\Client\GRPeditor.Client.csproj", "{067E8040-5D7C-4502-9597-DB7F74812497}"
EndProject
Project("{FAE04EC0-301F-11D3-BF4B-00C04F79EFBC}") = "GRPeditor.Shared", "GRPeditor\Shared\GRPeditor.Shared.csproj", "{5040E4BA-422F-43E9-A9BE-BB58A7D10C0C}"
EndProject
Global
	GlobalSection(SolutionConfigurationPlatforms) = preSolution
		Debug|Any CPU = Debug|Any CPU
		Release|Any CPU = Release|Any CPU
	EndGlobalSection
	GlobalSection(ProjectConfigurationPlatforms) = postSolution
		{85B91CCE-BD88-48B2-B997-FF9E7EAC349D}.Debug|Any CPU.ActiveCfg = Debug|Any CPU
		{85B91CCE-BD88-48B2-B997-FF9E7EAC349D}.Debug|Any CPU.Build.0 = Debug|Any CPU
		{85B91CCE-BD88-48B2-B997-FF9E7EAC349D}.Release|Any CPU.ActiveCfg = Release|Any CPU
		{85B91CCE-BD88-48B2-B997-FF9E7EAC349D}.Release|Any CPU.Build.0 = Release|Any CPU
		{2B40EF25-718F-47DB-9ED5-EFCA5DCAAB96}.Debug|Any CPU.ActiveCfg = Debug|Any CPU
		{2B40EF25-718F-47DB-9ED5-EFCA5DCAAB96}.Debug|Any CPU.Build.0 = Debug|Any CPU
		{2B40EF25-718F-47DB-9ED5-EFCA5DCAAB96}.Release|Any CPU.ActiveCfg = Release|Any CPU
		{2B40EF25-718F-47DB-9ED5-EFCA5DCAAB96}.Release|Any CPU.Build.0 = Release|Any CPU
		{0D078690-E1CC-4151-81E0-A8B4B8C55ABD}.Debug|Any CPU.ActiveCfg = Debug|Any CPU
		{0D078690-E1CC-4151-81E0-A8B4B8C55ABD}.Debug|Any CPU.Build.0 = Debug|Any CPU
		{0D078690-E1CC-4151-81E0-A8B4B8C55ABD}.Release|Any CPU.ActiveCfg = Release|Any CPU
		{0D078690-E1CC-4151-81E0-A8B4B8C55ABD}.Release|Any CPU.Build.0 = Release|Any CPU
		{955C5637-AA26-4DA2-B340-6021DAB5D813}.Debug|Any CPU.ActiveCfg = Debug|Any CPU
		{955C5637-AA26-4DA2-B340-6021DAB5D813}.Debug|Any CPU.Build.0 = Debug|Any CPU
		{955C5637-AA26-4DA2-B340-6021DAB5D813}.Release|Any CPU.ActiveCfg = Release|Any CPU
		{955C5637-AA26-4DA2-B340-6021DAB5D813}.Release|Any CPU.Build.0 = Release|Any CPU
		{34E16EEA-8642-4227-A892-635FB595A1FB}.Debug|Any CPU.ActiveCfg = Debug|Any CPU
		{34E16EEA-8642-4227-A892-635FB595A1FB}.Debug|Any CPU.Build.0 = Debug|Any CPU
		{34E16EEA-8642-4227-A892-635FB595A1FB}.Release|Any CPU.ActiveCfg = Release|Any CPU
		{34E16EEA-8642-4227-A892-635FB595A1FB}.Release|Any CPU.Build.0 = Release|Any CPU
		{AF2AE5E6-0FD7-4925-9795-B4BBAE8C2641}.Debug|Any CPU.ActiveCfg = Debug|Any CPU
		{AF2AE5E6-0FD7-4925-9795-B4BBAE8C2641}.Debug|Any CPU.Build.0 = Debug|Any CPU
		{AF2AE5E6-0FD7-4925-9795-B4BBAE8C2641}.Release|Any CPU.ActiveCfg = Release|Any CPU
		{AF2AE5E6-0FD7-4925-9795-B4BBAE8C2641}.Release|Any CPU.Build.0 = Release|Any CPU
		{067E8040-5D7C-4502-9597-DB7F74812497}.Debug|Any CPU.ActiveCfg = Debug|Any CPU
		{067E8040-5D7C-4502-9597-DB7F74812497}.Debug|Any CPU.Build.0 = Debug|Any CPU
		{067E8040-5D7C-4502-9597-DB7F74812497}.Release|Any CPU.ActiveCfg = Release|Any CPU
		{067E8040-5D7C-4502-9597-DB7F74812497}.Release|Any CPU.Build.0 = Release|Any CPU
		{5040E4BA-422F-43E9-A9BE-BB58A7D10C0C}.Debug|Any CPU.ActiveCfg = Debug|Any CPU
		{5040E4BA-422F-43E9-A9BE-BB58A7D10C0C}.Debug|Any CPU.Build.0 = Debug|Any CPU
		{5040E4BA-422F-43E9-A9BE-BB58A7D10C0C}.Release|Any CPU.ActiveCfg = Release|Any CPU
		{5040E4BA-422F-43E9-A9BE-BB58A7D10C0C}.Release|Any CPU.Build.0 = Release|Any CPU
	EndGlobalSection
	GlobalSection(SolutionProperties) = preSolution
		HideSolutionNode = FALSE
	EndGlobalSection
	GlobalSection(ExtensibilityGlobals) = postSolution
		SolutionGuid = {2EC12355-1805-432A-A9BF-1F5C5F21148C}
	EndGlobalSection
EndGlobal
