
Microsoft Visual Studio Solution File, Format Version 12.00
# Visual Studio Version 17
VisualStudioVersion = 17.1.32407.343
MinimumVisualStudioVersion = 10.0.40219.1
Project("{FAE04EC0-301F-11D3-BF4B-00C04F79EFBC}") = "GRPExplorerLib", "GRPExplorer\GRPExplorerLib\GRPExplorerLib.csproj", "{2B40EF25-718F-47DB-9ED5-EFCA5DCAAB96}"
EndProject
Project("{9A19103F-16F7-4668-BE54-9A1E7A4F7556}") = "UnityIntegration", "UnityIntegration\UnityIntegration\UnityIntegration.csproj", "{88F381FF-C2A2-44EC-82AD-3B19422AE595}"
EndProject
Project("{9A19103F-16F7-4668-BE54-9A1E7A4F7556}") = "UnityIntegrationEditor", "UnityIntegration\UnityIntegrationEditor\UnityIntegrationEditor.csproj", "{39C9AFA2-3687-4A0A-845E-81B07A66B2E7}"
EndProject
Global
	GlobalSection(SolutionConfigurationPlatforms) = preSolution
		Debug|Any CPU = Debug|Any CPU
		Release|Any CPU = Release|Any CPU
	EndGlobalSection
	GlobalSection(ProjectConfigurationPlatforms) = postSolution
		{2B40EF25-718F-47DB-9ED5-EFCA5DCAAB96}.Debug|Any CPU.ActiveCfg = Debug|Any CPU
		{2B40EF25-718F-47DB-9ED5-EFCA5DCAAB96}.Debug|Any CPU.Build.0 = Debug|Any CPU
		{2B40EF25-718F-47DB-9ED5-EFCA5DCAAB96}.Release|Any CPU.ActiveCfg = Release|Any CPU
		{2B40EF25-718F-47DB-9ED5-EFCA5DCAAB96}.Release|Any CPU.Build.0 = Release|Any CPU
		{88F381FF-C2A2-44EC-82AD-3B19422AE595}.Debug|Any CPU.ActiveCfg = Debug|Any CPU
		{88F381FF-C2A2-44EC-82AD-3B19422AE595}.Debug|Any CPU.Build.0 = Debug|Any CPU
		{88F381FF-C2A2-44EC-82AD-3B19422AE595}.Release|Any CPU.ActiveCfg = Release|Any CPU
		{88F381FF-C2A2-44EC-82AD-3B19422AE595}.Release|Any CPU.Build.0 = Release|Any CPU
		{39C9AFA2-3687-4A0A-845E-81B07A66B2E7}.Debug|Any CPU.ActiveCfg = Debug|Any CPU
		{39C9AFA2-3687-4A0A-845E-81B07A66B2E7}.Debug|Any CPU.Build.0 = Debug|Any CPU
		{39C9AFA2-3687-4A0A-845E-81B07A66B2E7}.Release|Any CPU.ActiveCfg = Release|Any CPU
		{39C9AFA2-3687-4A0A-845E-81B07A66B2E7}.Release|Any CPU.Build.0 = Release|Any CPU
	EndGlobalSection
	GlobalSection(SolutionProperties) = preSolution
		HideSolutionNode = FALSE
	EndGlobalSection
	GlobalSection(ExtensibilityGlobals) = postSolution
		SolutionGuid = {E9520855-1B15-4E5C-85BA-844F4337BF74}
	EndGlobalSection
EndGlobal
